
Microsoft Visual Studio Solution File, Format Version 12.00
# Visual Studio Version 16
VisualStudioVersion = 16.0.28729.10
MinimumVisualStudioVersion = 10.0.40219.1
Project("{9A19103F-16F7-4668-BE54-9A1E7A4F7556}") = "ghettoBasa", "ghettoBasa\ghettoBasa.csproj", "{B6B3C061-1C23-424F-AE3F-52397D7044A1}"
EndProject
Project("{9A19103F-16F7-4668-BE54-9A1E7A4F7556}") = "IdentityServer", "IdentityServer\IdentityServer.csproj", "{296BF970-1B19-43B7-9633-119C749E9BA0}"
EndProject
Project("{9A19103F-16F7-4668-BE54-9A1E7A4F7556}") = "ghettoBasaFrontEnd", "ghettoBasaFrontEnd\ghettoBasaFrontEnd.csproj", "{7D89967B-8241-4E3A-8F89-44D03E67C706}"
EndProject
Project("{D954291E-2A0B-460D-934E-DC6B0785DB48}") = "SharedResources", "SharedResources\SharedResources.shproj", "{762268C2-74D3-40B9-8DC9-643794CC1A36}"
EndProject
Global
	GlobalSection(SharedMSBuildProjectFiles) = preSolution
		SharedResources\SharedResources.projitems*{762268c2-74d3-40b9-8dc9-643794cc1a36}*SharedItemsImports = 13
	EndGlobalSection
	GlobalSection(SolutionConfigurationPlatforms) = preSolution
		Debug|Any CPU = Debug|Any CPU
		Release|Any CPU = Release|Any CPU
	EndGlobalSection
	GlobalSection(ProjectConfigurationPlatforms) = postSolution
		{B6B3C061-1C23-424F-AE3F-52397D7044A1}.Debug|Any CPU.ActiveCfg = Debug|Any CPU
		{B6B3C061-1C23-424F-AE3F-52397D7044A1}.Debug|Any CPU.Build.0 = Debug|Any CPU
		{B6B3C061-1C23-424F-AE3F-52397D7044A1}.Release|Any CPU.ActiveCfg = Release|Any CPU
		{B6B3C061-1C23-424F-AE3F-52397D7044A1}.Release|Any CPU.Build.0 = Release|Any CPU
		{296BF970-1B19-43B7-9633-119C749E9BA0}.Debug|Any CPU.ActiveCfg = Debug|Any CPU
		{296BF970-1B19-43B7-9633-119C749E9BA0}.Debug|Any CPU.Build.0 = Debug|Any CPU
		{296BF970-1B19-43B7-9633-119C749E9BA0}.Release|Any CPU.ActiveCfg = Release|Any CPU
		{296BF970-1B19-43B7-9633-119C749E9BA0}.Release|Any CPU.Build.0 = Release|Any CPU
		{7D89967B-8241-4E3A-8F89-44D03E67C706}.Debug|Any CPU.ActiveCfg = Debug|Any CPU
		{7D89967B-8241-4E3A-8F89-44D03E67C706}.Debug|Any CPU.Build.0 = Debug|Any CPU
		{7D89967B-8241-4E3A-8F89-44D03E67C706}.Release|Any CPU.ActiveCfg = Release|Any CPU
		{7D89967B-8241-4E3A-8F89-44D03E67C706}.Release|Any CPU.Build.0 = Release|Any CPU
	EndGlobalSection
	GlobalSection(SolutionProperties) = preSolution
		HideSolutionNode = FALSE
	EndGlobalSection
	GlobalSection(ExtensibilityGlobals) = postSolution
		SolutionGuid = {1EDBE352-46D8-4C4C-A939-30924F12D94F}
	EndGlobalSection
EndGlobal
